eNoASwe0+McmXz6k66bziAsVggPMEHGqxemprYhHadSUorAH92MM3ByRU5VquOw3EmBmL9g3ffMpq1Nd0qSymjDvysjr9hMVFXXjciTQ6dDEWb1zo7uHl/DmBG5rnLiVxwiMwj2tg0KNGgfRe4z4rXj0dBkN6Z+fI1T9ep0e9ybl5I2C+4kLYv1rI+6cJn1ZFWELV6MtVHgTPmm3wFP5X6ZBIwZHQsxYpgtpgtZcK0p1Zm4ACjv4ILm1M0+Pe4UUngOpGAF/owqgP38aEufmFSV6u+kY3djHQD0JfRSd4437PA664pjWyW/p9aLRyQ035A2Wd6wnl9+wtADfAfGSb0zx7bpfBmYV+1pcNn/2rx/HA23/XcVWAJ5RL+I0qT7u/wghSiRKueK6186TVOJIY2XZu7jfztnTt8BEGfd29uEZ7a1N0UDqeYCKYAB9Nc5XDbSFOQVw3OAuCoNwDugr+kcpoPYUscEvPlMMajGWQq5o0ycydE41hgL+2idQXHljuODxoPLm6mE5v06xnIv4sMlFfX46RA9gA1kGo2bNS4UasJFDOgO4eB778a67mXg2Z7Tg2eH2SLbAPwFaF+Vtl1EHKJrkqgJNdJczHXLjmzEOBytvL2EItJI6LIwTv+IH0CKaOb34OOArCBHM+a7rYDW8YZf4RarjdzS0vnF5zhQWAyVNenDV8STv4iFk55ZXbz702EBq6yeIaYJDDh90eZErOXU6uoOaSgA644eDh8swa6Cz+rPmTG9wrjiiOXRYQ1ypSqUSXoS51fSTOsXcE3In4vtRTGirze3HOC6iOT/zzLMf6BUBL1qFZJYecCUu7/2usRaxGhpp8VL5UwUvtpCRO/JKXeFpTlz8QREMoKtqxYxTXUgrH6biYgmmvgcyHkUjNmnQwH3uxmhJIoqSJL8TZSsngpi4C50plINFU/ocYGAdoQ377M3vjcMzZTbWTHlbTy/MIrK1Eoy8dDnDDOZYkJoEf7NkKkmYCSMoci0XbeHDrWVnh3fiptcjMWXJqCXfChl6ugVp1sJsL23Vfq3nbLDWAET2UnfcNHZTkX2vzl4cTVvKLp0x85dWAD8IGOpLU8n9YQgkC02hEwvqq1Rq3iBg+EIcev3Q9e93YrdySg02DTOf0bQDddCpCTW4bOaLVo6bq7LhMG99qbe1BBqbsbgk40ij0cUtZpAN/S5dThjPrApI1CtWYb3+LGu4QHs9b1LRV4O325VAaaWQ7JyNPiJMCDe6S56aNvLlO8rlaRs58hKjk2vQidiwkWtIfkx8VY3kTosBjwEx/tLGeO8sZ5tc+Yqm+7aooZ/hL6Q65VjFDVQbf4BDiyNpIYWHHdiwvVgChk3cupLHfBDEdyDIkFfvCn/XFKchKrB+1ymvlGBP6sC3qIwpcAC4Q+tyvKKqDiqriga6b3H31pqey2AXfvmGwNVWpRxPiz+iz1RS6WEkV+YvhzAUbp79kQSfN5vILonJqt5Unie8WB6TgSUyKHI0PDhHN3da+5+c8EXV1ry5yhR+9P88QkDXnj1N/demUkB1I+nAmpwRAxEL9GuOeb0zFHqpf/b8jKupeVHiXPpqp2ihJL3aATWZ/B+KE5qfRVFxFxkD3CLUgoP1IEbM6RcseuzNWR2+qHWrjQpeMF6aGKPexziOTK6Ukkk0qfiEPTyPt3fTUPXZrP1v80j/c2CJQT/B+YrTuwPpv9QUR+QnQTS4rsvZWcpBoLGQoBeMgSDxN9AbgmZb9aI4egxxiaDjxd9E5eBUpX3dlDbbAxU+6v3VFl6C4iCkxsZXLQigNcGtcpQiTCDCyT7sOgj2VtJGUDupVf2mreNCsPH19rAPYHeiAcNRV+fEKQgGwB3kS0HOEF3P4EV32Q6hrOOUk35bihxDCukJVxVQEj/oM5plYsW4/a18su8PUz4m6sLCyZp3nCMS9gx25++sQG9VCLBx+FIF7LklOL7TFEsGVaSIZfQfbpObh4YitY6PENzVslzaa8dOX+0sO/BcvOv3hjfAx5dtfdqee434TXhApwH+vM4BAFxY7+7XOCNZ2cX47/5/asGgt8QDY/XEajk9t7Vzr8etCyub+UzMw4ERrdVpng7K6tCaPXJmSjYNsnemG2ZedeCWdSNMcN5gtPL6UouAZuyQUqfQlKusTJfBQLEwoL58s3fhP07oRorlabbb7D0FidqhjnpOAyAKZWl8dssjv8eLmeevADVoqnYnz3jmvJVpxh28keEwMKMFd0IthLNZnLwlwE6IHSNc+mMiTCI3EETl98Ekf32FEG5KRcBed7Xl3l4Dd8rAixEZhZ1ndP+F+TJ6rD7Dm9T1McqqnwCFHDU8I8maxn82OVWdbWyM8KYg8i8KczXX2Nox++yI+6zPCMjQDd7i2QW2jy/0G/VxeyDwG9tu6H44HDtyIlhiRj9WQSaJjsBam4G6nCIgGgYVVzEmlsT/AGZoyXQ3RIpGDYAi76idP1+toBchf/OMzf+6gfC0lwORUvfYRiYBAAD//6WhmXA=