eNoATwew+Oq9mNR9DRxaPUVv/YpBngBCwsTNXLsmETY1DToxZ+lThaqnSaCdFa9nqGxxxXa0dP7JjfLRkbeSatG3Sr4jP73006VBkWTVcuSjmJocRvnxlnIBK3W3uhq4jm9Ch59cJXpgvDltbTn+6r48kPIu3D4O02/8upMJKO4G/h8RcEjwiCyjxEvMjxd3hVmaQkaBxfEme+T6Wq9uX39ovaEWbO1ckBONaHLRFX3Tl75TDdxkjhrqP3loF/w9+OYc8dJb/5JkLtGTJuufHA7PNpKHStfmPQSPjpOp5dpphRROrn2qCBdw/MlZrSmS5XMONv7oifjTQ98DAP2omBf+gxqeTZ55GrVWu7kwdFzkq9wYUXVZdj+DwNMo4qRutXnl5YcnhpMY9eozAMtSs32i4lkNA9aIuHghizIB/EZZGXke9LsGrEnVC8ic7V61cRC+304BfTFQfKqkEtvERZDo4Zb9IilpReGuKRVoUJnKTz3F7s4KYQRhkQvsX4I3r0PaIaA/gMW74Tjxm7waIyjo2ZxHU0w0FoUEdozvUcyp37OwN4bb6nP/gAUZCHA4EH6VhBy5Frb62d/jRJCl5kTJXmFEd2+aoOIYn7dX0aJ8vi/GnZ9jYgCrRLgMcAmuisQPBVn/YhEdetAnd191VqSA7cwnzJANJMmxrZYV8eiuDYhnw3laKd/arK62U8LVNhWUa+rvvMb0WcEDptFLqZ0de6XCe7lEHiUfa36mZXZhaWnxCiMq0IWmHutYWcAEQZkOLJyv0DHGoAmpkSzuzf4mjxwfe+AByVJdh949/u6WpututmLcehReWI/oMdxY7ukbwLZXowd4dX62bWkg7aowGIqtCHdGJLzmaxYBlvdLdsx8FxfoG3KZPCORCHXcEdJpU0nFwH5J6xABCCxGVgPf1kkMeF/vHt2p26k7q/b7nV68HBLY0bkLxfFLTgrf+VsB3XJi8nWjJ8kMtvFiNqGlNO7Y18NmdHGj02uxciElnhvLB6lfUj/wVG//UGeZsh7zwUuqHpKN/mGjtzEzvB6BCZ8BACqxUVakOF5yhrdq+Vbb7jCqxZeekLA42MI5bIqElcuGjRf5yCT2XUpcf3IJjvEsEKI44zj81OYyXABC7V092VWeTARQ4XqY3zfMTYlGp3o5Vde+Y3BfKOFkzXZUKvaEBg5feWXU8FpQOvHKWiBrtF3M4y4xK/wSbAASyVoRd4G2fzzFv9uxnh5ovfAsnZsHCuZvimG69PxyXMjSJcZNbxmAtyPrSVEeEyhTnj7LmsFIy22q5Gikuc5bpCubfsbF3N019ihih4t44RwiHxR/LcK6gj/m7p/cf4zb7wwi491pGNZIAMZvzAVIU/fD/VSv6FBNvxyOO8VaZXkTCOFpLCJdUuWdWAkOez5j/K6khTYYydVeTHdD9hU67fEIqlhiXw91u8hbEz6CZqiwV200MzWNxGi6blMgOz1x9i60QSqeVCRggsiuAgMSoOke6T7UCnCH7MpDB/9XYY2LlSnkJyl1WIjKTPfhCYsioxv6RWbhxp5gRfkpP4j7CqZkmPgTg2OtQ5wN4hfErUtLwwEiazIW5kyg/RuvgWpSQwGcGLAvBYq5HF1wAyUpE0Vqd6V189hZW9ExXAX6vHU6mC2Cub5h3lSBEH8KITiI40M3Uy2TVdvJwJnTnJ34PYU+YfE2in7ygk1x2YuUS+HfAllYXr8d5g99gj8XMQQcO+6ihN0tG5Adq8b2tCOUUCRLPWq+qXzjrOyWkpamDcXgeL64GqpsFRH8ezxKIyDiPhn80Sj489pOyrz8dlMbjP3dNyJD6GcUFVgFqOInFcUZQoTBsN/7bZlfF2e3SO1s48GDwtbb2oL7ek6kEYsGa1mF3XaaoglS9EkCb9cYMOykexsW/tScxUvyUCgSTIJ4pHqeIFFfZfXYb3aIEHS7CnNJjSkbWf0eu/oalrC98t/M/fxQiAt8zqbYK21teUz0Z0aNGDl7SKGtAB0anK9MOeApNyuMzqGAJoHxbIGoS3xPnvkQ7Lfy0nDwrg7FUjEbEP7ckXjUB/J4w3dF+iows1phazWBYJWU/qibTX9bpCTrRd8AqF0+vbl2Jj1JGjwjF4gA6nFaJrBZowHuWTLMofhp/dQggkLVYP2am2YV0tJizJUABucU+QLkwje/zBXhROKxS2AXqeFCt1hMR55nyIVyxp5X+xJhQVioZvsYGVrfoaIUJWpUd+iq/zH52CaIj+0lZgWzjxpSQgskPccwAIxJy6kf9GKfPfIjww3FKLcna5snZweTcLXFTGxLlhyzB3cZEyLHx0yb+oUuzOl93VmLykaoxIiBJy2aLTOlfRVwCqHDAeb6ZAmIgdCfcrCeXRlY/U29JPhBosUafiPlfPAK5L2jA9gCTnRRiueNY5wCMTwDBvFms4Fk9jVV6baT00cYs/uMwOF2svUNwQq7g85In0LZdd1weMC/Q6t7ELJa5mzCRHeBHsr8NFQn4Hdsis6w2o5UAQAA///1P5eT