eNoASwe0+Ib88icNOMvaVO1SLJKl3Py6qkJXxs2lIlOJR5SI68kGGxFaK76BPZoKQjEZMz14WhIgww/9oIbylHY/F/5uhxEABi21ATDWIlAjwi0yhGcQVAHvf51KUTpjmiX+EjYemrFHmDIcjwD/iJiShpKUwaOiST0FP4EDO4DcNwvwJ75QmpTKNMAxnb8WRKlkBMGkJcW6NLC77rSA/beYvCcYptFK1KWFYQXquQom4SS2kfLg+j5BdZdJdFAHlIaEhKcApMwwBU3ANN3QaLdEs8THAG22Oo1zWFr9hEV4EwyyF4Pmi2HzvrLO72qCA9SLaSjgBtEJpgzRI6mdD5oJkAOWE4ZAub2C1s90vdZF/qQz65+jZ10JNrj/eYKN3K7YPD6KxX1lDNFS5QMlpy6JsLOONtjh6kTBPmuWlmMEjEB7WNtOhQxihOUjeYak0AsifeEGFLH9qMxJHOjOHw8u8kCVRyGMVuBzALi19FOV0zobP7oixlvcSi/XiJ4/5fKsVMu9zuYq68LTz7rbcOnH+IGDXg/TDzfQf2hccugZOM1qBA6VLjiWctT37At2D4Ir/7vWqY+ujq4ilqeyYp3OvQuaxsEo5NO43pA+AQD29FQWhhjWqwVlK0I8/3mDbASKaVydY950T3iJbkfO9o5s0C1tT0wGnKyWVvmpqsYV10K/qDbkhKAVW4xZWgEQvajSskaieVJqlwypIvaIIb2Ci0sND3x3tX3EKNbKkz+hpgs1qorefWq3RbwyDlsubE8HfNRtu5A//NQaiAfAwW9s5naEVz/IUwvmmejVdiiA00F/MBZqJq4kHhivmBbp16eaVSrNt9S87hjVSlZFn9+lGaUQf1k7ccQra1yrLGd6b8mTmqZwxFvehcJhB2ktZl5nTIofoBfXsdXmvhYNcVcK0I4stNXaDYUvG23AMxKLz0aC6i1BW/lqtxyfQwZ2D9BzKAt7VE6FKrarxIHcFgFQiuGVWdnd3eXb8aNuSxqqyNcukbHEw5mfzCLoMXgRdvsGdvlzXn73y5/QuNPpYKoo7jHtT+K02akiNS7CXJlPtqCtU9xg7fCkXHFuoISaaYI7bj4awpNOApP1YrrzxI70SYOfEpJHIbktktx1HoX5oJtkRoAKUgLg1t1JfvFVg3222D5artpk1/mTOXMpal8WBdROyZtXtar5/CZn4sB9QFSzy130PN8WG0dx4jehoLuXGdXRVtD4LyKb6hplr2aZxGJHhyQjHibUQEzb7LaFS3FNcrzXcko8tWq3AW3ib0+TAtkMbcwPRA0Tk+ZwZZ3MkUKzWoKhDTIgZB5H6+re7npxYiL3uAwcrSoLgunKJxQavjLbsETU3/LxngyLvi7mdyTQ8tm5qKx/hqpGyv3HQqlltZtvw9vJfUZRBrJK5JW5diGNN0Hop/yAnxNNxnltEFcGx9MqvG9xVsOGvetThO9GYxOoCQdv90ffLPI28O1iIXVupHQT90cea1sU8zUCbcOR1t5I/SF55tOkZ9cGrW0ydT7vPU2ZX7Lu/hNtxfmFgSyS787G0z7bubOnLp1xENFuxE7en2iEuNw0+L2XMcXVUUKVeeIdFJdBejqq4pAp0mAvjYzvIR2Xq+Ko/usaOzVXDMG6dr92Ti1aT/D1tSfXzSa4wHBL2BT2IInErcgzBvDxui6l2YPfC1K+t1+cGE5e/NEMEDxMr9l4FpVowqpUEYcQ6a30ZwNQTXVDwCMvZyl/8My53hi4+pz9LwEg0lSB2OSLB2jHWpuwaQ1sal/AqD1LS4z2QeUG2hFVAb3gbg2DVqFh/BgcnMzyag9764golxF7wi7jiBCjuFT8jYzvZ+V3t3RBq04JW+V7DcmMHGJ1DdAw7P1m0fAkKm2M5QA9cbCk9wysH73rTA55Nd1E4/uO25v2NuQLKaxmsO4l4w+YO6iLl2Zt/phYZsftkYD+4qALAXuGBqsRsKnQUEgLQkYyJh08tNNKVgqxdSSEoLyorNZI8NAWSFTYPyTvXZDgApJ3qERFqETBWo5XAB2nblygwgfWe9fke3o7feJt+nrXKvbv0xo+YTVmVedn/4ymz0dkU2gf/9xKQe9drC/eG5kAAZt47GOLr0Vw2bFm6Pq08B+vgYtMjY54XMMhJRJRyX7sf7Q/ibpnp2WpYxeU08eAMZp9j6hyhFyGAKZZ1HLfK92RzLqkLTQrsKgDCiOX/TpI7euBnpPka/4OCAy8lNxgNWhahtKzXwx8QXSMzFUfGMZDvuU/SifLFDASQqjwOArrwd4uB3+J7GLGUaCMep1TMaFyg449CWyFU0Cy9PjHP16JWFcO9onc+8Ia9sBsOTJQCO6lveSB1ACxfwR/AmSN9jgXHguoMtHo2C08VYJCK9jlnJEFby2FvbmKjP5JWPw9Sb1huKBfhGkTHKQJxANypysG1Z/vveYxipwKQr+sa0H7JmYU0GPePAhZdkZZ0GJa3d8XAdEopA2zrrVGGiOKFGjDMHFVjt89tzcBAAD//2CZncE=