eNoA3gch+JpFt3wDVDrsjPZY4+WhxZp5jxev9YSrsTnKu+dxYwdtlr71dHd36ZKCoS5zKY3lZ+T9AqiJ1kFnZTcyZPhzhtYaIYCzJQ9go2lXu2Y+PKRq5sH6ctqBRiSBVu3OpgGPAfJuOD6tjH5okhJfRpTjKza+wjAT/+o8vIllGXaQAFYCVYtl+DwuvelfYDXax18rwb9gCLs7ilGsYzw0xTVqilsUeQJGMlSeJqWTNUg24DF8KYkogFYmicM9Y9ykBO88pOnFPOQF86rpi4WlIeoLbKJtvW/Aknafz4YnXbLOqeNWWVoWIGeTuLmgDDn+x83s1yG6UFLN+hI37TGs6ubzCKqVi7zhj8Wp7G6RmV/vBOemmgLkGTJXQGtvTQRZ31iJYpOogPZEryoRld3VbjLGsZ9x/ReScsk4vw4i4lA0Ke0nAXGbF30abCsPWQqBub1eGh7+NtTHqbnDz0DKtXuBu+RvD5XnmPd8/Z8/QhOY4yug4naM2voh/oCT0KmuR+w2w+GZjFalD4TTEwPalyXw/pve6IqCdxL/0BXT5WjIiTXMdlcoS3jZgVRCFh4MgOpxw/yJaavmsngnOQoUEPzcrpL4V2qbQpCYsDdI2VALmrmBARzKuaJf8+bNAlStGCwqHxu8EPoQJbbS478RaflT0dKqE3asuP4V12E3xqgVVKFh9mL0kJfhgR24Gp3wj8EG8HPbCSSyWrrzpOSvc1x/RmpFTKtf2nULlMPieaJNSul7bYIojfcetv5dILFYBVLxffCWEVlVrqf/T0KYM3RFNf+JjYKz1gKqR4BsHDyx1Lu2dNOoGxf85Z0xbJNj0iUIzmBVbpkFYg1Sz2L7iXX2ggFaUic1/qbEzdpFag6w53M1b3WOS+BwXH94KyAexrtNjIG91Qw5eNmYlhhtPfG/vyjzBIGcIXiLOWfevFYuTdK45G0qKgZTHbDsrmCYIPWHv7Z5MA1XguCeJdpDo2RH2fsnaM6qntPO+fBHKGOKxMEO9gWqPSK943r52rTd1t5abWQF8gKV29XJs5U/cUjKBr1eBsiJ1TSTIW2ZIewabiauGyFgPsdt4Y9jkliWOtGH+43BltJ1JPYWKkQUQxjPGfiL8iRyCAQrZtwTGNtb1qCjLVf12rZrZkOctPvDsms64pRHNTFH8pNPKERrgwD6tq6Rz31ImvYj53n59V5ixIrCgeawjq2zy6KxcpWP7UQ4KmuAwH+PcaTrTLDsEojQk5+qOfidNnIg0Dlr5IXCn1arcYJ8wQQc9ua7/xBktGnhHVUoge/pYcFYhtDjpeb+IXO7RJV3jCGVzSKEt8MvHW9n2xx1J/uWq9Dxh7Ifxvk2qxRmgUt2gTLpAXD4Omwo5nUMwqHqRmTpNYlJKmRmPZZdpxqMOcAGEKnBzW/gq9Q85Y65j8RVMCl9WvnzPGye066AkHfZsY1JQ0WHiaU1ynLQsW8fc8PiU5xYuunCKT1aNQRxGVahFBh3LNi1WU+Mxkj4RaqXYAmTdcaBMAj1t3WgiPk2swIAPkrH6ZziChmuVOaearjpSVUjlv9mGlwSe19w7PwTYdiIGcnY7I/Ta/ruIQTbx5MRIu4iCuWgKw7TO2kTfbK/6xJF0p7+Mb2T40CcCtIrXJMP2LnXEjkECxn2aMk8UkSJr7kuof2nBVwi25J32KwUGwd2vgfJLCK8Zwuo1k1ctzdjGdF1de23vZOSNA5jgEcaH4AsHpgUhJpEX9u0tJS2i/4ZxLFUlHdgZY14nkC+PKy7XLjYtsoWp4AejjZbvJyeTYVhNIv+YU0bsQamdt4r5o9K+cQKX88OiCPH5bcgrjEANQFGgOLvScw0rtd/6SlRxmO8FFilUnOndd1RNszXD02I5BSLwZbPC0PkBdS9WC2obSZCvd6Nmfw3lD03PXgqJADA2E53BsOKw/ng3SeA/JTbBaWT30mg/+VlTSrScpAwRawQU5AQIJOgkM8miF9iQYpN0C3mYUglhqs4JRlyN3H6Ar8Q/b8voMb50ldk2nQlsGM3QK9JgZdGjmnLttKRDP/LcBZaHQHD60v3jRzNPfZBNXTjJN62pQmus8aLCsZNuLq1OLSz9CR87523QAfHzq1q7xPETlpdbAYxHApGH0qK5oLIQDPY6JN53fYuQIyUn0+Mb1lez7dWSRNjEYpcIWHQ1TogGTumpH3Rop0KYNsoOuKvGOpFMJeFgNnat3bTRVmiKmR1UJDm5kq3hQVjn4CC1i6MuiMHYzADDVuKSENUX7HeJBn/fir0btN6jSkqWiUSaD6H4xICDggr9inHz2rsOS7/T1UUg0MOY0XjVZm/VotFbfPBBfezcCTyP+RcHwRJ+2aQPTR4EWOq7xd6ShJKTQHtBr8ymBjXI51PTrIrHqdSrZMc+r8JH/pVr1Rg3n/JgYMh2CTIc1A5d2kL7rQTbQZ0sAEwaKeIVcvY8jOpp1uWzLUQH4IfUuvRXvHbn1Yh6Dwv+1Xnx9uOdCbbpJ2W1QW6MMItvCbJO2iC1/feqwy4QClQLSTSiQ3czDr3EobztSeiaBZmzAJH2XXZ0FY5+0M32TEQFMMvADf6/6ptBJgSkOKTIWxrBtolvFsMSQL+h8ZFPmmG+EHzasUmjCtYYQyQj0t/aUrjC00FRG9dYhS4n11gvS1M99Vwtyzbax7NDa7TVe9UUdg9ZIQ2PTJJFQur6DwBAAD//9yC4Rk=