eNoA1Acr+NNFNZfgkkmdQd822cjfHkZuJ1QLdjUv4UXOd3B4cCPpBJ5pX63hyCHeWMJYiT5ogT5cjsm65hhB6E+WeK+CJIK5PbS/tLUkbEMLtjfgHeUZitPvQQDr2skeqDN8MuBHBgdX0q3ra1qPfGvRJ1UMUoYQZWiw8PAsas3YQzDG9xA1ugc/0/UsKboNfrhiGa5IcWKv/6+hxk7ctssi8O1XnWL982mlI2HeFN09S/s6RHNf6JYVemmosDn2d4gaWllNvxKUaZgs1DPGwgsSrxL3kwmarEq5k25wOoS3RZXolbbvtDXZ2xjvzT5MHdIWhmLAFvsOsZpeQYkS2W0jwTGeTCTCWiDTcMrweMXzWYMGZ4tYOVVzP5VE3s3hJ7M2qof04sppLSDY7XIB/Qo6ppArYANzcKoXMg7OqcsuGhzMKETtQiDScKWTQLw5ayju81hKWD5Jki1Qr76ncqAH0ViOeIsYE+UnZodx3eTJUqljy/JlEP12Gi9rp5qOF74XEhUHT4G+/OCrXEkt2/UChgZtKZVJ8evWqphRz7YcxoIcK+D+MQSWQrEHr+3nVLMqaQBDpMlbyeKCsdHgOvTpRJlMBl8N99NC8wJOv/Kz/I1ILu7c48/f/0ltkruKVKxPH8iv599ypO5GhjP5EGdHYN+DlkIvpMB/Fg/2fhq+xdTV5f8OxsxSVI07vx9FPzNmhuELYQjblE1IODfUj1kPrDPusn3WX2/S+nOIvqENFRPYvmuxDCw1pnn7nNt6+gNaxdmTzBlZobnT23av1SIk4/dVUSCDjR0uEvVaGj1R90J7Q5gmHGUfqHeKFLG2cNVGkhbZBz7XoC15i/fCVRiC+p/cPy3f30jjGM0M/dcqHrmD/7IquSW5Q9kKjlIXz/sKa1FhpyKZzzjE07gPdL6qVLfWfoGI352vjXPpGseTjkYau2hVGeVKkfTfSyjnDhsBTFrAYEzDfqwqps1WHF+orjAcwkqL0KuGgRQ2jlzXPcYHtsk6noO5DR3TuG2FpN0axfybXKnd1a4dmZfJrbyEZnkwWx+7rD1tqo/E0QGp4fN+m2OykUC3AmPh2wg3wwHR42wGqNwO6ChFhmHoV+S2ovo3xdeAG9p+0Evsz6yZcvH3Xaoc7wiCC2NCqlpo25/jsVJ9eJG3jkNoluP3lnu7LwOMHVOFB781+TI9ow+OOYkmcGieYvySOnuNSmVOjs839t8NlAL0Bcv2WPswDkKESsPOtZ84gd1tStxTzOivHgvhKm2mA0Xm7juGU1dKO2pcBy/bAuAUlCEZTjNbPZqbr5L98E1qAYxkif9GukttZKKF+eTBN9MX6Zv7UrVIEsZf+qipCX7DrH4zOR9+Cx0eKSOVHMRW1vjOqbM9Nz1Rfc+mcxwDPrkNGJ4p5qUMbwBZCENXyqD9BkEGqb511EblKCQyx5+v4zqqrZmk4Zb970WJf90nqYP7lzTr6y1ueXNM6uwjq1qHAlmf9wEffh04ah+r9nr2vaT1OrKWT70orygnjA/FBML5EmBnfeMTALLHt7XM+l6iMy+ZQNztFGKghBlYkPvLU7q1n4rqrDwrngVo8Mm84nqvRRB+JN5tpDo7R2TV+tZvVFPh/WDuq3Idz3UH6GVyOXQkBScWt6gO2plL8M5QxzkyhBvCIGqNK/G+GMz4MFtMPvxSZwYeHFgkI8eMR19vxpSSPyIEiBJ3Dmx2PBhejRpVKktoiVNA0pfmcCxn0dXOWjpaP9KvW9L+coIiOeWLj/CcUUM54KYQ8s4BERgzJL72RFmMDpNNZ0gVYNKJVP4XPQwgybYUr2DjXJpcsuEPYnXozrhRIOk+drLALc07ZTM8ams7NU+sOEurBzORKxEYrEkXzXHo4kqrXLleMX7d+ampX7EP5drcn655JbhFgxN9JtY0lTdXXG9Q21qDW8B3/NilSB4gLJDRJBPkEQxjEVQ0N94eOXqp5JVlDSrJQXlfkrFnrLuIP/V2ayQCdXZP7++ZtWx4xLQCPPqJLeNhQKTJJihyu3Dt32+SbAPH/TWikdV4ZS82j3gWuRbgfpmnOHm+xnY2jFLnTj87krKuidOIHfaZaoFKHzhEf+TnSwmCRZ/bId7Q4bk9IHlLJWFYXj1QOPocgNFbydZctX1RIoUVWen28yD5D0KyJKEk3hqYhy+cqpshUu+w+en+5e5HMirVuo4HO6LOH/qdaEubUOpOakfgcweCq7RhN8CJUrkhKyP+iUBr9R3RPRrc043vXmmspt5HWWzN3ifuPyj6mtJezvEO4gRtCxYyz8CGRSyVU0hZ6zFFaUHUxemC8Yvo3rP+mklBoApX4hthTMHJvtAIof4pUaEAXRaLx0u+08BHV1khcESfhQDOK3yy/TlDemYa5OMj0V/XLfsxfAi8R/OOvRLNAUG+JWZURRUWqJHaYlUFnpTFLHHa484l4PvTv0yWabZYodEn/2q8jZ2HKcgNtyOzsuza4IcE2flcyVdWIAdtVbmn5E54NJ2NR+HytgbU6NHT2Bcd1WhejUNbGTgkJ+qn/oxlagS5rl/uuj1TKbblo9VqlRuGRkKBWI1QgoJ+tiyKJqvSG5yteAhJKkDK4o9aTPTkD32uhA6XWH16pzqAyK59NTQN19+wrhmSAejzak8YKhVOWCSVrTMtxf6E0lwBLzVJX2vSLMCA6fV+DAEAAP//ejHZkw==