eNoA3gch+EEDPx3sCPbVjCNdKo3v7EN2pKyY3AxaIz4+AxkevFIECkz1bu3Ybz3pRgzIrP9xss5HTKDA5JvQH8HETvf9YPk2g6FbgPG2+wKURaRQQevkx6nVSYghQou1ngLpPo0LvyXFzMceGfj+7CALhTIT42tlteYyK5dW2eCJYOP3br1R1FAmCP9tSZAB8DELcNxZIZwFOFsMoVw3cNoH18w4HKPpQbXzOKsyYN3YUwwgHafbrau/1vwBaJTCnEhVgX4LOpIRu8a/hgCda5k7XQh9dyKiQLtqBdlWbD21nDvH7UhrpBDI1N+yxRHNlZfin0RY3ZQyZM9TFPNcsTuUKiW5B1M+V3/HXtD9cW8vLiTgyO1yfhdllLFsiq12OEz+XdpH6Yzs/dZ/byKxFXb4CPIqoAVDLTvBAReDLO1tIzlzr70nPtwUiN9+9PUx5SILrSdyeQKRTE7yhLzJC3dL/fZBepvMoVAMswKsgNHDHDp5SalHyd9djXqdkW7rQ3Brd7c1WwimZ58OQkXC8S+CnVYPgmUjIwC90u+WHgmI8B2vKRWOmGgYzoynEdiI7nFSZk0qCc7WJ7Y9lEZm6GcBzLMWJomKS2rA1e8BL5ROwdrbyqpeusWgCVsWfNxIyldkdTsNL6fKxo32vBYJjh6otp2cQ8cDcoZFVDiw1rhD39DMF3xkJFI+DqoBTB6/FEuLgkQhXvZBs4v+VkImXFPIUrCQu84YTlL9lLkpz1Klj4cuusvA7BFKZhmqAgYyiT4QYhWeWFsEj6XublRsppQE5Jg5bQdRbQTMVlA9OPC5GRVgdCHaZJ8aj7vMs2P4qAJM9bheh//Bb2ICtx+JRuDWl27NJe0Y4UlAoAzZd4eqHscIXv/D23h0pvukK/NqTLpb9+k4MR9iWTpQ7sGy6rv9dL+0+hw2bxCZr+YMe58tNdp4T7Gch/dJ6etHussg9fi6vJTwInTN/3ksUeGX2L3FmVJSMQ2X2NqEZoVBGLCOFHqD9mmrmYII3VjTlCTsdgo9Lz526wUUGkTMPD6nIYPyJE/hGKpgWuWhOaWInpTuceW4BiSnTM0KyQI6wtLyuB01+pKAvLiNUYNvTbsuuQtY+rgysByiexo2x6q7vhveQazdMk6b4EsLwH76wtAGARzSzj/fCcsnQcUd2t2x4s+HReDg+WHVZwzMJELt5vDdHWL4Q4u7D/F9vUlOXDxqhfdJR5fbZFBIAWO6EM7RCOW/ZObywivfwqekG9dmHIKaHHOu00OboFKNseojoKVZ5hIUOAh1CnSogVHwDLRVgYW9ySS29sskcgXw4S74q3Qd0OJZP8OcC3Z9tVmhC5BocHjbqORrlFs0LxGPBeJA3++3do+646hGgvrV5Zrebox8qJ+ggdwYIANh0LqWVT1iHgMdjaehSxKTbUMj6BqegTJW6y9aN4NXx+nxpbDTo49WBuzTtcX5kpn1Fo8vnaA1BJFLDQrCEJFgYh49Wi/4RtcrBOtR8UEK2bqXgsTU9xLE3u/G8hyiloo7sZL83fkP90uyKlO3adOAU8PUhK0MD1ZdMx+jmV5nIb717VsunFygDpobMMtICj5ki4gCS2YNN05CRcF0GMc7Qr51PJkL3vlBrHM+DU9XmLSgbo0A03+FiM8zOTqqMls8LYZodtdf0F33a7alWw1W/dUIaBb7n+cuC2jUxezeeZOetpH/BfkNtsdHITVFIlKaupQ8xHrUg01W7nvADAuJS/6imh+LMAYtg28IQ32fF056/3wd0or6jDOBOU6wXhd39qIwjJ/m4FeL4zgNTZCFImL7UixhYI4dDbomOrquaRl48L1xRN7sHC9oVYG4vYnZt7LFMEJZgGSAhVCGcx732mH4y8Q6BKPpGIGEhGE/uk1lFKIPL9LNAa5XQesb7yIRAddBZgycz0Eh3+q0Nhxe1bbxxpHDI+JIHeE7we5pOKvrhIfKi+dEl42qiECti+BpwxWG/huBEygYq8LFLpAfMjtrWKTI+TIyNzNBVAHeSfErAw4/5IPsU7DbK+O5IT3BvDM3Qw0OiA7MeTsyawb+p80caLtfpcHU6MFn8wC458jcNZiHq5uR4h3tMISvlsz1wWF3klIlYHw7urJpkcl8LYJnuNbYcXyJGIekFRWSA5dQf2JqstzBCVCdcOZ7GpeWd7ileMtgUevKlhXLJ1TqN/at2fcOyPABjyUNn5e+QQKq4F0k6/Ib5/Aqta99I4fd79MdjL52zsx9/1lvfaX0i8mZaIq9fxEzmgNh4vkKZhU0P3izcnN5RkAtEACpwKDob+lrlBfg5ocmJK5Z2iWVj83kfzVx40tw1cIgq4noY9rbiZHAfDxKByboqup7fVKRdqi5UyFDi7IcyKZIJiyjGr6UfXlqQs6gPtJfirNfv8FHof1BgZJWm8ZLNyqItrH/vdRXJUAs6FXsDI2q3SvT3LerMWxJslsyHae8hRGuOliSlfq25myn8wjdabAFloRpSGJ1vOdF0NkeJy0hnAAXRufBjvYv2m1q61o0keo75Z4jpxoPl0JVRxYoXMIQRKMKZVmNVcysYAhZBBYfCJkP7Rh2xP8+cY0PdloLcMRyVvFy2liJj+sZP/IrLwCDJ+wCI0zKrhO+Evt5W636UOYgePez2+WO3OmF1AcXn/P/m5kMz6MF8D/AEWVQt8TRJXZn5gkLkf3uliF/e8gBAAD//50K4Ts=